
Microsoft Visual Studio Solution File, Format Version 12.00
# Visual Studio Version 16
VisualStudioVersion = 16.0.30523.141
MinimumVisualStudioVersion = 10.0.40219.1
Project("{9A19103F-16F7-4668-BE54-9A1E7A4F7556}") = "IdentityServer", "IdentityServer\IdentityServer.csproj", "{0DEA952A-8A12-43E0-ACD6-F2BA0BE0732A}"
EndProject
Project("{9A19103F-16F7-4668-BE54-9A1E7A4F7556}") = "ApiOne", "ApiOne\ApiOne.csproj", "{54AC7C0D-54BA-4234-95F9-F5ACC130747E}"
EndProject
Project("{9A19103F-16F7-4668-BE54-9A1E7A4F7556}") = "ApiTwo", "ApiTwo\ApiTwo.csproj", "{CD72F376-D336-4736-82AE-8C19CC6A4BBF}"
EndProject
Project("{9A19103F-16F7-4668-BE54-9A1E7A4F7556}") = "ClientMvc", "ClientMvc\ClientMvc.csproj", "{CE5E6B01-BE44-4C17-B6F0-37DED544A8F2}"
EndProject
Project("{FAE04EC0-301F-11D3-BF4B-00C04F79EFBC}") = "ClientJavaScript", "ClientJavaScript\ClientJavaScript.csproj", "{2B2B6668-6B15-4AC0-800C-53CC82855006}"
EndProject
Global
	GlobalSection(SolutionConfigurationPlatforms) = preSolution
		Debug|Any CPU = Debug|Any CPU
		Release|Any CPU = Release|Any CPU
	EndGlobalSection
	GlobalSection(ProjectConfigurationPlatforms) = postSolution
		{0DEA952A-8A12-43E0-ACD6-F2BA0BE0732A}.Debug|Any CPU.ActiveCfg = Debug|Any CPU
		{0DEA952A-8A12-43E0-ACD6-F2BA0BE0732A}.Debug|Any CPU.Build.0 = Debug|Any CPU
		{0DEA952A-8A12-43E0-ACD6-F2BA0BE0732A}.Release|Any CPU.ActiveCfg = Release|Any CPU
		{0DEA952A-8A12-43E0-ACD6-F2BA0BE0732A}.Release|Any CPU.Build.0 = Release|Any CPU
		{54AC7C0D-54BA-4234-95F9-F5ACC130747E}.Debug|Any CPU.ActiveCfg = Debug|Any CPU
		{54AC7C0D-54BA-4234-95F9-F5ACC130747E}.Debug|Any CPU.Build.0 = Debug|Any CPU
		{54AC7C0D-54BA-4234-95F9-F5ACC130747E}.Release|Any CPU.ActiveCfg = Release|Any CPU
		{54AC7C0D-54BA-4234-95F9-F5ACC130747E}.Release|Any CPU.Build.0 = Release|Any CPU
		{CD72F376-D336-4736-82AE-8C19CC6A4BBF}.Debug|Any CPU.ActiveCfg = Debug|Any CPU
		{CD72F376-D336-4736-82AE-8C19CC6A4BBF}.Debug|Any CPU.Build.0 = Debug|Any CPU
		{CD72F376-D336-4736-82AE-8C19CC6A4BBF}.Release|Any CPU.ActiveCfg = Release|Any CPU
		{CD72F376-D336-4736-82AE-8C19CC6A4BBF}.Release|Any CPU.Build.0 = Release|Any CPU
		{CE5E6B01-BE44-4C17-B6F0-37DED544A8F2}.Debug|Any CPU.ActiveCfg = Debug|Any CPU
		{CE5E6B01-BE44-4C17-B6F0-37DED544A8F2}.Debug|Any CPU.Build.0 = Debug|Any CPU
		{CE5E6B01-BE44-4C17-B6F0-37DED544A8F2}.Release|Any CPU.ActiveCfg = Release|Any CPU
		{CE5E6B01-BE44-4C17-B6F0-37DED544A8F2}.Release|Any CPU.Build.0 = Release|Any CPU
		{2B2B6668-6B15-4AC0-800C-53CC82855006}.Debug|Any CPU.ActiveCfg = Debug|Any CPU
		{2B2B6668-6B15-4AC0-800C-53CC82855006}.Debug|Any CPU.Build.0 = Debug|Any CPU
		{2B2B6668-6B15-4AC0-800C-53CC82855006}.Release|Any CPU.ActiveCfg = Release|Any CPU
		{2B2B6668-6B15-4AC0-800C-53CC82855006}.Release|Any CPU.Build.0 = Release|Any CPU
	EndGlobalSection
	GlobalSection(SolutionProperties) = preSolution
		HideSolutionNode = FALSE
	EndGlobalSection
	GlobalSection(ExtensibilityGlobals) = postSolution
		SolutionGuid = {08FB6DA5-FF9B-417E-A4BA-0115852CD9AA}
	EndGlobalSection
EndGlobal
